
Microsoft Visual Studio Solution File, Format Version 12.00
# Visual Studio Version 16
VisualStudioVersion = 16.0.28803.352
MinimumVisualStudioVersion = 10.0.40219.1
Project("{FAE04EC0-301F-11D3-BF4B-00C04F79EFBC}") = "Monitoramento", "Monitoramento\Monitoramento.csproj", "{C6A0B5B4-01CA-493B-A7DC-87FA56B520A8}"
EndProject
Global
	GlobalSection(SolutionConfigurationPlatforms) = preSolution
		Debug|Any CPU = Debug|Any CPU
		Release|Any CPU = Release|Any CPU
	EndGlobalSection
	GlobalSection(ProjectConfigurationPlatforms) = postSolution
		{C6A0B5B4-01CA-493B-A7DC-87FA56B520A8}.Debug|Any CPU.ActiveCfg = Debug|Any CPU
		{C6A0B5B4-01CA-493B-A7DC-87FA56B520A8}.Debug|Any CPU.Build.0 = Debug|Any CPU
		{C6A0B5B4-01CA-493B-A7DC-87FA56B520A8}.Release|Any CPU.ActiveCfg = Release|Any CPU
		{C6A0B5B4-01CA-493B-A7DC-87FA56B520A8}.Release|Any CPU.Build.0 = Release|Any CPU
	EndGlobalSection
	GlobalSection(SolutionProperties) = preSolution
		HideSolutionNode = FALSE
	EndGlobalSection
	GlobalSection(ExtensibilityGlobals) = postSolution
		SolutionGuid = {0A4E98BD-FC62-48F4-8E38-71B3AF328B6B}
	EndGlobalSection
EndGlobal
